
Microsoft Visual Studio Solution File, Format Version 12.00
# Visual Studio Version 17
VisualStudioVersion = 17.5.33424.131
MinimumVisualStudioVersion = 10.0.40219.1
Project("{8BC9CEB8-8B4A-11D0-8D11-00A0C91BC942}") = "verificare CNP", "verificare CNP\verificare CNP.vcxproj", "{AC98EF39-FD2D-43B4-9922-4EFC0377DE91}"
EndProject
Global
	GlobalSection(SolutionConfigurationPlatforms) = preSolution
		Debug|x64 = Debug|x64
		Debug|x86 = Debug|x86
		Release|x64 = Release|x64
		Release|x86 = Release|x86
	EndGlobalSection
	GlobalSection(ProjectConfigurationPlatforms) = postSolution
		{AC98EF39-FD2D-43B4-9922-4EFC0377DE91}.Debug|x64.ActiveCfg = Debug|x64
		{AC98EF39-FD2D-43B4-9922-4EFC0377DE91}.Debug|x64.Build.0 = Debug|x64
		{AC98EF39-FD2D-43B4-9922-4EFC0377DE91}.Debug|x86.ActiveCfg = Debug|Win32
		{AC98EF39-FD2D-43B4-9922-4EFC0377DE91}.Debug|x86.Build.0 = Debug|Win32
		{AC98EF39-FD2D-43B4-9922-4EFC0377DE91}.Release|x64.ActiveCfg = Release|x64
		{AC98EF39-FD2D-43B4-9922-4EFC0377DE91}.Release|x64.Build.0 = Release|x64
		{AC98EF39-FD2D-43B4-9922-4EFC0377DE91}.Release|x86.ActiveCfg = Release|Win32
		{AC98EF39-FD2D-43B4-9922-4EFC0377DE91}.Release|x86.Build.0 = Release|Win32
	EndGlobalSection
	GlobalSection(SolutionProperties) = preSolution
		HideSolutionNode = FALSE
	EndGlobalSection
	GlobalSection(ExtensibilityGlobals) = postSolution
		SolutionGuid = {D348BCB4-88F1-4C2D-A0AA-13AF9DD866B4}
	EndGlobalSection
EndGlobal
